# This file is automatically @generated by Cargo.
# It is not intended for manual editing.
version = 4

[[package]]
name = "Rusty"
version = "0.1.0"

[[package]]
name = "compound_types"
version = "0.1.0"

[[package]]
name = "conditionals"
version = "0.1.0"

[[package]]
name = "functions"
version = "0.1.0"

[[package]]
name = "ownership"
version = "0.1.0"

[[package]]
name = "primitive_types"
version = "0.1.0"
